{
  "name": "shop-mall",
  "version": "1.0.0",
  "lockfileVersion": 1,
  "requires": true,
  "dependencies": {
    "@mpkit/func-helper": {
      "version": "1.1.2",
      "resolved": "https://registry.nlark.com/@mpkit/func-helper/download/@mpkit/func-helper-1.1.2.tgz",
      "integrity": "sha1-pOMf44EGBZRWcovHd22WGLUibd4=",
      "requires": {
        "@mpkit/types": "^1.1.2"
      }
    },
    "@mpkit/types": {
      "version": "1.1.2",
      "resolved": "https://registry.nlark.com/@mpkit/types/download/@mpkit/types-1.1.2.tgz",
      "integrity": "sha1-iWgDZMLt7AjnkiynbiaGtf/DQPQ="
    },
    "@mpkit/util": {
      "version": "1.1.2",
      "resolved": "https://registry.nlark.com/@mpkit/util/download/@mpkit/util-1.1.2.tgz",
      "integrity": "sha1-cLp5gpZXFOdeuNj26C9td58yCOY=",
      "requires": {
        "@mpkit/types": "^1.1.2"
      }
    },
    "weconsole": {
      "version": "1.0.7",
      "resolved": "https://registry.nlark.com/weconsole/download/weconsole-1.0.7.tgz",
      "integrity": "sha1-xhO7GluLvI+hMUSMkKUye/Pc83A=",
      "requires": {
        "@mpkit/func-helper": "^1.1.2",
        "@mpkit/types": "^1.1.2",
        "@mpkit/util": "^1.1.2"
      }
    }
  }
}
